
Microsoft Visual Studio Solution File, Format Version 12.00
# Visual Studio Version 16
VisualStudioVersion = 16.0.31112.23
MinimumVisualStudioVersion = 10.0.40219.1
Project("{FAE04EC0-301F-11D3-BF4B-00C04F79EFBC}") = "Eurovizio", "Eurovizio\Eurovizio.csproj", "{34FB1723-4F3B-4743-9EF8-DA175F9AC8C3}"
EndProject
Global
	GlobalSection(SolutionConfigurationPlatforms) = preSolution
		Debug|Any CPU = Debug|Any CPU
		Release|Any CPU = Release|Any CPU
	EndGlobalSection
	GlobalSection(ProjectConfigurationPlatforms) = postSolution
		{34FB1723-4F3B-4743-9EF8-DA175F9AC8C3}.Debug|Any CPU.ActiveCfg = Debug|Any CPU
		{34FB1723-4F3B-4743-9EF8-DA175F9AC8C3}.Debug|Any CPU.Build.0 = Debug|Any CPU
		{34FB1723-4F3B-4743-9EF8-DA175F9AC8C3}.Release|Any CPU.ActiveCfg = Release|Any CPU
		{34FB1723-4F3B-4743-9EF8-DA175F9AC8C3}.Release|Any CPU.Build.0 = Release|Any CPU
	EndGlobalSection
	GlobalSection(SolutionProperties) = preSolution
		HideSolutionNode = FALSE
	EndGlobalSection
	GlobalSection(ExtensibilityGlobals) = postSolution
		SolutionGuid = {A36CD8D8-A3FB-4406-BEBE-A54251D66C4F}
	EndGlobalSection
EndGlobal
